// !$*UTF8*$!
{
	archiveVersion = 1;
	classes = {
	};
	objectVersion = 55;
	objects = {

/* Begin PBXBuildFile section */
		21121CAE27B2CA1E009873C5 /* Recipess_appApp.swift in Sources */ = {isa = PBXBuildFile; fileRef = 21121CAD27B2CA1E009873C5 /* Recipess_appApp.swift */; };
		21121CB027B2CA1E009873C5 /* ContentView.swift in Sources */ = {isa = PBXBuildFile; fileRef = 21121CAF27B2CA1E009873C5 /* ContentView.swift */; };
		21121CB227B2CA20009873C5 /* Assets.xcassets in Resources */ = {isa = PBXBuildFile; fileRef = 21121CB127B2CA20009873C5 /* Assets.xcassets */; };
		21121CB527B2CA20009873C5 /* Preview Assets.xcassets in Resources */ = {isa = PBXBuildFile; fileRef = 21121CB427B2CA20009873C5 /* Preview Assets.xcassets */; };
		21121CBF27B2CA20009873C5 /* Recipess_appTests.swift in Sources */ = {isa = PBXBuildFile; fileRef = 21121CBE27B2CA20009873C5 /* Recipess_appTests.swift */; };
		21121CC927B2CA20009873C5 /* Recipess_appUITests.swift in Sources */ = {isa = PBXBuildFile; fileRef = 21121CC827B2CA20009873C5 /* Recipess_appUITests.swift */; };
		21121CCB27B2CA20009873C5 /* Recipess_appUITestsLaunchTests.swift in Sources */ = {isa = PBXBuildFile; fileRef = 21121CCA27B2CA20009873C5 /* Recipess_appUITestsLaunchTests.swift */; };
/* End PBXBuildFile section */

/* Begin PBXContainerItemProxy section */
		21121CBB27B2CA20009873C5 /* PBXContainerItemProxy */ = {
			isa = PBXContainerItemProxy;
			containerPortal = 21121CA227B2CA1D009873C5 /* Project object */;
			proxyType = 1;
			remoteGlobalIDString = 21121CA927B2CA1D009873C5;
			remoteInfo = "Recipess-app";
		};
		21121CC527B2CA20009873C5 /* PBXContainerItemProxy */ = {
			isa = PBXContainerItemProxy;
			containerPortal = 21121CA227B2CA1D009873C5 /* Project object */;
			proxyType = 1;
			remoteGlobalIDString = 21121CA927B2CA1D009873C5;
			remoteInfo = "Recipess-app";
		};
/* End PBXContainerItemProxy section */

/* Begin PBXFileReference section */
		21121CAA27B2CA1D009873C5 /* Recipess-app.app */ = {isa = PBXFileReference; explicitFileType = wrapper.application; includeInIndex = 0; path = "Recipess-app.app"; sourceTree = BUILT_PRODUCTS_DIR; };
		21121CAD27B2CA1E009873C5 /* Recipess_appApp.swift */ = {isa = PBXFileReference; lastKnownFileType = sourcecode.swift; path = Recipess_appApp.swift; sourceTree = "<group>"; };
		21121CAF27B2CA1E009873C5 /* ContentView.swift */ = {isa = PBXFileReference; lastKnownFileType = sourcecode.swift; path = ContentView.swift; sourceTree = "<group>"; };
		21121CB127B2CA20009873C5 /* Assets.xcassets */ = {isa = PBXFileReference; lastKnownFileType = folder.assetcatalog; path = Assets.xcassets; sourceTree = "<group>"; };
		21121CB427B2CA20009873C5 /* Preview Assets.xcassets */ = {isa = PBXFileReference; lastKnownFileType = folder.assetcatalog; path = "Preview Assets.xcassets"; sourceTree = "<group>"; };
		21121CBA27B2CA20009873C5 /* Recipess-appTests.xctest */ = {isa = PBXFileReference; explicitFileType = wrapper.cfbundle; includeInIndex = 0; path = "Recipess-appTests.xctest"; sourceTree = BUILT_PRODUCTS_DIR; };
		21121CBE27B2CA20009873C5 /* Recipess_appTests.swift */ = {isa = PBXFileReference; lastKnownFileType = sourcecode.swift; path = Recipess_appTests.swift; sourceTree = "<group>"; };
		21121CC427B2CA20009873C5 /* Recipess-appUITests.xctest */ = {isa = PBXFileReference; explicitFileType = wrapper.cfbundle; includeInIndex = 0; path = "Recipess-appUITests.xctest"; sourceTree = BUILT_PRODUCTS_DIR; };
		21121CC827B2CA20009873C5 /* Recipess_appUITests.swift */ = {isa = PBXFileReference; lastKnownFileType = sourcecode.swift; path = Recipess_appUITests.swift; sourceTree = "<group>"; };
		21121CCA27B2CA20009873C5 /* Recipess_appUITestsLaunchTests.swift */ = {isa = PBXFileReference; lastKnownFileType = sourcecode.swift; path = Recipess_appUITestsLaunchTests.swift; sourceTree = "<group>"; };
/* End PBXFileReference section */

/* Begin PBXFrameworksBuildPhase section */
		21121CA727B2CA1D009873C5 /* Frameworks */ = {
			isa = PBXFrameworksBuildPhase;
			buildActionMask = 2147483647;
			files = (
			);
			runOnlyForDeploymentPostprocessing = 0;
		};
		21121CB727B2CA20009873C5 /* Frameworks */ = {
			isa = PBXFrameworksBuildPhase;
			buildActionMask = 2147483647;
			files = (
			);
			runOnlyForDeploymentPostprocessing = 0;
		};
		21121CC127B2CA20009873C5 /* Frameworks */ = {
			isa = PBXFrameworksBuildPhase;
			buildActionMask = 2147483647;
			files = (
			);
			runOnlyForDeploymentPostprocessing = 0;
		};
/* End PBXFrameworksBuildPhase section */

/* Begin PBXGroup section */
		21121CA127B2CA1D009873C5 = {
			isa = PBXGroup;
			children = (
				21121CAC27B2CA1D009873C5 /* Recipess-app */,
				21121CBD27B2CA20009873C5 /* Recipess-appTests */,
				21121CC727B2CA20009873C5 /* Recipess-appUITests */,
				21121CAB27B2CA1D009873C5 /* Products */,
			);
			sourceTree = "<group>";
		};
		21121CAB27B2CA1D009873C5 /* Products */ = {
			isa = PBXGroup;
			children = (
				21121CAA27B2CA1D009873C5 /* Recipess-app.app */,
				21121CBA27B2CA20009873C5 /* Recipess-appTests.xctest */,
				21121CC427B2CA20009873C5 /* Recipess-appUITests.xctest */,
			);
			name = Products;
			sourceTree = "<group>";
		};
		21121CAC27B2CA1D009873C5 /* Recipess-app */ = {
			isa = PBXGroup;
			children = (
				21121CAD27B2CA1E009873C5 /* Recipess_appApp.swift */,
				21121CAF27B2CA1E009873C5 /* ContentView.swift */,
				21121CB127B2CA20009873C5 /* Assets.xcassets */,
				21121CB327B2CA20009873C5 /* Preview Content */,
			);
			path = "Recipess-app";
			sourceTree = "<group>";
		};
		21121CB327B2CA20009873C5 /* Preview Content */ = {
			isa = PBXGroup;
			children = (
				21121CB427B2CA20009873C5 /* Preview Assets.xcassets */,
			);
			path = "Preview Content";
			sourceTree = "<group>";
		};
		21121CBD27B2CA20009873C5 /* Recipess-appTests */ = {
			isa = PBXGroup;
			children = (
				21121CBE27B2CA20009873C5 /* Recipess_appTests.swift */,
			);
			path = "Recipess-appTests";
			sourceTree = "<group>";
		};
		21121CC727B2CA20009873C5 /* Recipess-appUITests */ = {
			isa = PBXGroup;
			children = (
				21121CC827B2CA20009873C5 /* Recipess_appUITests.swift */,
				21121CCA27B2CA20009873C5 /* Recipess_appUITestsLaunchTests.swift */,
			);
			path = "Recipess-appUITests";
			sourceTree = "<group>";
		};
/* End PBXGroup section */

/* Begin PBXNativeTarget section */
		21121CA927B2CA1D009873C5 /* Recipess-app */ = {
			isa = PBXNativeTarget;
			buildConfigurationList = 21121CCE27B2CA20009873C5 /* Build configuration list for PBXNativeTarget "Recipess-app" */;
			buildPhases = (
				21121CA627B2CA1D009873C5 /* Sources */,
				21121CA727B2CA1D009873C5 /* Frameworks */,
				21121CA827B2CA1D009873C5 /* Resources */,
			);
			buildRules = (
			);
			dependencies = (
			);
			name = "Recipess-app";
			productName = "Recipess-app";
			productReference = 21121CAA27B2CA1D009873C5 /* Recipess-app.app */;
			productType = "com.apple.product-type.application";
		};
		21121CB927B2CA20009873C5 /* Recipess-appTests */ = {
			isa = PBXNativeTarget;
			buildConfigurationList = 21121CD127B2CA20009873C5 /* Build configuration list for PBXNativeTarget "Recipess-appTests" */;
			buildPhases = (
				21121CB627B2CA20009873C5 /* Sources */,
				21121CB727B2CA20009873C5 /* Frameworks */,
				21121CB827B2CA20009873C5 /* Resources */,
			);
			buildRules = (
			);
			dependencies = (
				21121CBC27B2CA20009873C5 /* PBXTargetDependency */,
			);
			name = "Recipess-appTests";
			productName = "Recipess-appTests";
			productReference = 21121CBA27B2CA20009873C5 /* Recipess-appTests.xctest */;
			productType = "com.apple.product-type.bundle.unit-test";
		};
		21121CC327B2CA20009873C5 /* Recipess-appUITests */ = {
			isa = PBXNativeTarget;
			buildConfigurationList = 21121CD427B2CA20009873C5 /* Build configuration list for PBXNativeTarget "Recipess-appUITests" */;
			buildPhases = (
				21121CC027B2CA20009873C5 /* Sources */,
				21121CC127B2CA20009873C5 /* Frameworks */,
				21121CC227B2CA20009873C5 /* Resources */,
			);
			buildRules = (
			);
			dependencies = (
				21121CC627B2CA20009873C5 /* PBXTargetDependency */,
			);
			name = "Recipess-appUITests";
			productName = "Recipess-appUITests";
			productReference = 21121CC427B2CA20009873C5 /* Recipess-appUITests.xctest */;
			productType = "com.apple.product-type.bundle.ui-testing";
		};
/* End PBXNativeTarget section */

/* Begin PBXProject section */
		21121CA227B2CA1D009873C5 /* Project object */ = {
			isa = PBXProject;
			attributes = {
				BuildIndependentTargetsInParallel = 1;
				LastSwiftUpdateCheck = 1310;
				LastUpgradeCheck = 1310;
				TargetAttributes = {
					21121CA927B2CA1D009873C5 = {
						CreatedOnToolsVersion = 13.1;
					};
					21121CB927B2CA20009873C5 = {
						CreatedOnToolsVersion = 13.1;
						TestTargetID = 21121CA927B2CA1D009873C5;
					};
					21121CC327B2CA20009873C5 = {
						CreatedOnToolsVersion = 13.1;
						TestTargetID = 21121CA927B2CA1D009873C5;
					};
				};
			};
			buildConfigurationList = 21121CA527B2CA1D009873C5 /* Build configuration list for PBXProject "Recipess-app" */;
			compatibilityVersion = "Xcode 13.0";
			developmentRegion = en;
			hasScannedForEncodings = 0;
			knownRegions = (
				en,
				Base,
			);
			mainGroup = 21121CA127B2CA1D009873C5;
			productRefGroup = 21121CAB27B2CA1D009873C5 /* Products */;
			projectDirPath = "";
			projectRoot = "";
			targets = (
				21121CA927B2CA1D009873C5 /* Recipess-app */,
				21121CB927B2CA20009873C5 /* Recipess-appTests */,
				21121CC327B2CA20009873C5 /* Recipess-appUITests */,
			);
		};
/* End PBXProject section */

/* Begin PBXResourcesBuildPhase section */
		21121CA827B2CA1D009873C5 /* Resources */ = {
			isa = PBXResourcesBuildPhase;
			buildActionMask = 2147483647;
			files = (
				21121CB527B2CA20009873C5 /* Preview Assets.xcassets in Resources */,
				21121CB227B2CA20009873C5 /* Assets.xcassets in Resources */,
			);
			runOnlyForDeploymentPostprocessing = 0;
		};
		21121CB827B2CA20009873C5 /* Resources */ = {
			isa = PBXResourcesBuildPhase;
			buildActionMask = 2147483647;
			files = (
			);
			runOnlyForDeploymentPostprocessing = 0;
		};
		21121CC227B2CA20009873C5 /* Resources */ = {
			isa = PBXResourcesBuildPhase;
			buildActionMask = 2147483647;
			files = (
			);
			runOnlyForDeploymentPostprocessing = 0;
		};
/* End PBXResourcesBuildPhase section */

/* Begin PBXSourcesBuildPhase section */
		21121CA627B2CA1D009873C5 /* Sources */ = {
			isa = PBXSourcesBuildPhase;
			buildActionMask = 2147483647;
			files = (
				21121CB027B2CA1E009873C5 /* ContentView.swift in Sources */,
				21121CAE27B2CA1E009873C5 /* Recipess_appApp.swift in Sources */,
			);
			runOnlyForDeploymentPostprocessing = 0;
		};
		21121CB627B2CA20009873C5 /* Sources */ = {
			isa = PBXSourcesBuildPhase;
			buildActionMask = 2147483647;
			files = (
				21121CBF27B2CA20009873C5 /* Recipess_appTests.swift in Sources */,
			);
			runOnlyForDeploymentPostprocessing = 0;
		};
		21121CC027B2CA20009873C5 /* Sources */ = {
			isa = PBXSourcesBuildPhase;
			buildActionMask = 2147483647;
			files = (
				21121CCB27B2CA20009873C5 /* Recipess_appUITestsLaunchTests.swift in Sources */,
				21121CC927B2CA20009873C5 /* Recipess_appUITests.swift in Sources */,
			);
			runOnlyForDeploymentPostprocessing = 0;
		};
/* End PBXSourcesBuildPhase section */

/* Begin PBXTargetDependency section */
		21121CBC27B2CA20009873C5 /* PBXTargetDependency */ = {
			isa = PBXTargetDependency;
			target = 21121CA927B2CA1D009873C5 /* Recipess-app */;
			targetProxy = 21121CBB27B2CA20009873C5 /* PBXContainerItemProxy */;
		};
		21121CC627B2CA20009873C5 /* PBXTargetDependency */ = {
			isa = PBXTargetDependency;
			target = 21121CA927B2CA1D009873C5 /* Recipess-app */;
			targetProxy = 21121CC527B2CA20009873C5 /* PBXContainerItemProxy */;
		};
/* End PBXTargetDependency section */

/* Begin XCBuildConfiguration section */
		21121CCC27B2CA20009873C5 /* Debug */ = {
			isa = XCBuildConfiguration;
			buildSettings = {
				ALWAYS_SEARCH_USER_PATHS = NO;
				CLANG_ANALYZER_NONNULL = YES;
				CLANG_ANALYZER_NUMBER_OBJECT_CONVERSION = YES_AGGRESSIVE;
				CLANG_CXX_LANGUAGE_STANDARD = "gnu++17";
				CLANG_CXX_LIBRARY = "libc++";
				CLANG_ENABLE_MODULES = YES;
				CLANG_ENABLE_OBJC_ARC = YES;
				CLANG_ENABLE_OBJC_WEAK = YES;
				CLANG_WARN_BLOCK_CAPTURE_AUTORELEASING = YES;
				CLANG_WARN_BOOL_CONVERSION = YES;
				CLANG_WARN_COMMA = YES;
				CLANG_WARN_CONSTANT_CONVERSION = YES;
				CLANG_WARN_DEPRECATED_OBJC_IMPLEMENTATIONS = YES;
				CLANG_WARN_DIRECT_OBJC_ISA_USAGE = YES_ERROR;
				CLANG_WARN_DOCUMENTATION_COMMENTS = YES;
				CLANG_WARN_EMPTY_BODY = YES;
				CLANG_WARN_ENUM_CONVERSION = YES;
				CLANG_WARN_INFINITE_RECURSION = YES;
				CLANG_WARN_INT_CONVERSION = YES;
				CLANG_WARN_NON_LITERAL_NULL_CONVERSION = YES;
				CLANG_WARN_OBJC_IMPLICIT_RETAIN_SELF = YES;
				CLANG_WARN_OBJC_LITERAL_CONVERSION = YES;
				CLANG_WARN_OBJC_ROOT_CLASS = YES_ERROR;
				CLANG_WARN_QUOTED_INCLUDE_IN_FRAMEWORK_HEADER = YES;
				CLANG_WARN_RANGE_LOOP_ANALYSIS = YES;
				CLANG_WARN_STRICT_PROTOTYPES = YES;
				CLANG_WARN_SUSPICIOUS_MOVE = YES;
				CLANG_WARN_UNGUARDED_AVAILABILITY = YES_AGGRESSIVE;
				CLANG_WARN_UNREACHABLE_CODE = YES;
				CLANG_WARN__DUPLICATE_METHOD_MATCH = YES;
				COPY_PHASE_STRIP = NO;
				DEBUG_INFORMATION_FORMAT = dwarf;
				ENABLE_STRICT_OBJC_MSGSEND = YES;
				ENABLE_TESTABILITY = YES;
				GCC_C_LANGUAGE_STANDARD = gnu11;
				GCC_DYNAMIC_NO_PIC = NO;
				GCC_NO_COMMON_BLOCKS = YES;
				GCC_OPTIMIZATION_LEVEL = 0;
				GCC_PREPROCESSOR_DEFINITIONS = (
					"DEBUG=1",
					"$(inherited)",
				);
				GCC_WARN_64_TO_32_BIT_CONVERSION = YES;
				GCC_WARN_ABOUT_RETURN_TYPE = YES_ERROR;
				GCC_WARN_UNDECLARED_SELECTOR = YES;
				GCC_WARN_UNINITIALIZED_AUTOS = YES_AGGRESSIVE;
				GCC_WARN_UNUSED_FUNCTION = YES;
				GCC_WARN_UNUSED_VARIABLE = YES;
				IPHONEOS_DEPLOYMENT_TARGET = 15.0;
				MTL_ENABLE_DEBUG_INFO = INCLUDE_SOURCE;
				MTL_FAST_MATH = YES;
				ONLY_ACTIVE_ARCH = YES;
				SDKROOT = iphoneos;
				SWIFT_ACTIVE_COMPILATION_CONDITIONS = DEBUG;
				SWIFT_OPTIMIZATION_LEVEL = "-Onone";
			};
			name = Debug;
		};
		21121CCD27B2CA20009873C5 /* Release */ = {
			isa = XCBuildConfiguration;
			buildSettings = {
				ALWAYS_SEARCH_USER_PATHS = NO;
				CLANG_ANALYZER_NONNULL = YES;
				CLANG_ANALYZER_NUMBER_OBJECT_CONVERSION = YES_AGGRESSIVE;
				CLANG_CXX_LANGUAGE_STANDARD = "gnu++17";
				CLANG_CXX_LIBRARY = "libc++";
				CLANG_ENABLE_MODULES = YES;
				CLANG_ENABLE_OBJC_ARC = YES;
				CLANG_ENABLE_OBJC_WEAK = YES;
				CLANG_WARN_BLOCK_CAPTURE_AUTORELEASING = YES;
				CLANG_WARN_BOOL_CONVERSION = YES;
				CLANG_WARN_COMMA = YES;
				CLANG_WARN_CONSTANT_CONVERSION = YES;
				CLANG_WARN_DEPRECATED_OBJC_IMPLEMENTATIONS = YES;
				CLANG_WARN_DIRECT_OBJC_ISA_USAGE = YES_ERROR;
				CLANG_WARN_DOCUMENTATION_COMMENTS = YES;
				CLANG_WARN_EMPTY_BODY = YES;
				CLANG_WARN_ENUM_CONVERSION = YES;
				CLANG_WARN_INFINITE_RECURSION = YES;
				CLANG_WARN_INT_CONVERSION = YES;
				CLANG_WARN_NON_LITERAL_NULL_CONVERSION = YES;
				CLANG_WARN_OBJC_IMPLICIT_RETAIN_SELF = YES;
				CLANG_WARN_OBJC_LITERAL_CONVERSION = YES;
				CLANG_WARN_OBJC_ROOT_CLASS = YES_ERROR;
				CLANG_WARN_QUOTED_INCLUDE_IN_FRAMEWORK_HEADER = YES;
				CLANG_WARN_RANGE_LOOP_ANALYSIS = YES;
				CLANG_WARN_STRICT_PROTOTYPES = YES;
				CLANG_WARN_SUSPICIOUS_MOVE = YES;
				CLANG_WARN_UNGUARDED_AVAILABILITY = YES_AGGRESSIVE;
				CLANG_WARN_UNREACHABLE_CODE = YES;
				CLANG_WARN__DUPLICATE_METHOD_MATCH = YES;
				COPY_PHASE_STRIP = NO;
				DEBUG_INFORMATION_FORMAT = "dwarf-with-dsym";
				ENABLE_NS_ASSERTIONS = NO;
				ENABLE_STRICT_OBJC_MSGSEND = YES;
				GCC_C_LANGUAGE_STANDARD = gnu11;
				GCC_NO_COMMON_BLOCKS = YES;
				GCC_WARN_64_TO_32_BIT_CONVERSION = YES;
				GCC_WARN_ABOUT_RETURN_TYPE = YES_ERROR;
				GCC_WARN_UNDECLARED_SELECTOR = YES;
				GCC_WARN_UNINITIALIZED_AUTOS = YES_AGGRESSIVE;
				GCC_WARN_UNUSED_FUNCTION = YES;
				GCC_WARN_UNUSED_VARIABLE = YES;
				IPHONEOS_DEPLOYMENT_TARGET = 15.0;
				MTL_ENABLE_DEBUG_INFO = NO;
				MTL_FAST_MATH = YES;
				SDKROOT = iphoneos;
				SWIFT_COMPILATION_MODE = wholemodule;
				SWIFT_OPTIMIZATION_LEVEL = "-O";
				VALIDATE_PRODUCT = YES;
			};
			name = Release;
		};
		21121CCF27B2CA20009873C5 /* Debug */ = {
			isa = XCBuildConfiguration;
			buildSettings = {
				ASSETCATALOG_COMPILER_APPICON_NAME = AppIcon;
				ASSETCATALOG_COMPILER_GLOBAL_ACCENT_COLOR_NAME = AccentColor;
				CODE_SIGN_STYLE = Automatic;
				CURRENT_PROJECT_VERSION = 1;
				DEVELOPMENT_ASSET_PATHS = "\"Recipess-app/Preview Content\"";
				ENABLE_PREVIEWS = YES;
				GENERATE_INFOPLIST_FILE = YES;
				INFOPLIST_KEY_UIApplicationSceneManifest_Generation = YES;
				INFOPLIST_KEY_UIApplicationSupportsIndirectInputEvents = YES;
				INFOPLIST_KEY_UILaunchScreen_Generation = YES;
				INFOPLIST_KEY_UISupportedInterfaceOrientations_iPad = "UIInterfaceOrientationPortrait UIInterfaceOrientationPortraitUpsideDown UIInterfaceOrientationLandscapeLeft UIInterfaceOrientationLandscapeRight";
				INFOPLIST_KEY_UISupportedInterfaceOrientations_iPhone = "UIInterfaceOrientationPortrait UIInterfaceOrientationLandscapeLeft UIInterfaceOrientationLandscapeRight";
				LD_RUNPATH_SEARCH_PATHS = (
					"$(inherited)",
					"@executable_path/Frameworks",
				);
				MARKETING_VERSION = 1.0;
				PRODUCT_BUNDLE_IDENTIFIER = "com.example.Recipess-app";
				PRODUCT_NAME = "$(TARGET_NAME)";
				SWIFT_EMIT_LOC_STRINGS = YES;
				SWIFT_VERSION = 5.0;
				TARGETED_DEVICE_FAMILY = "1,2";
			};
			name = Debug;
		};
		21121CD027B2CA20009873C5 /* Release */ = {
			isa = XCBuildConfiguration;
			buildSettings = {
				ASSETCATALOG_COMPILER_APPICON_NAME = AppIcon;
				ASSETCATALOG_COMPILER_GLOBAL_ACCENT_COLOR_NAME = AccentColor;
				CODE_SIGN_STYLE = Automatic;
				CURRENT_PROJECT_VERSION = 1;
				DEVELOPMENT_ASSET_PATHS = "\"Recipess-app/Preview Content\"";
				ENABLE_PREVIEWS = YES;
				GENERATE_INFOPLIST_FILE = YES;
				INFOPLIST_KEY_UIApplicationSceneManifest_Generation = YES;
				INFOPLIST_KEY_UIApplicationSupportsIndirectInputEvents = YES;
				INFOPLIST_KEY_UILaunchScreen_Generation = YES;
				INFOPLIST_KEY_UISupportedInterfaceOrientations_iPad = "UIInterfaceOrientationPortrait UIInterfaceOrientationPortraitUpsideDown UIInterfaceOrientationLandscapeLeft UIInterfaceOrientationLandscapeRight";
				INFOPLIST_KEY_UISupportedInterfaceOrientations_iPhone = "UIInterfaceOrientationPortrait UIInterfaceOrientationLandscapeLeft UIInterfaceOrientationLandscapeRight";
				LD_RUNPATH_SEARCH_PATHS = (
					"$(inherited)",
					"@executable_path/Frameworks",
				);
				MARKETING_VERSION = 1.0;
				PRODUCT_BUNDLE_IDENTIFIER = "com.example.Recipess-app";
				PRODUCT_NAME = "$(TARGET_NAME)";
				SWIFT_EMIT_LOC_STRINGS = YES;
				SWIFT_VERSION = 5.0;
				TARGETED_DEVICE_FAMILY = "1,2";
			};
			name = Release;
		};
		21121CD227B2CA20009873C5 /* Debug */ = {
			isa = XCBuildConfiguration;
			buildSettings = {
				ALWAYS_EMBED_SWIFT_STANDARD_LIBRARIES = YES;
				BUNDLE_LOADER = "$(TEST_HOST)";
				CODE_SIGN_STYLE = Automatic;
				CURRENT_PROJECT_VERSION = 1;
				GENERATE_INFOPLIST_FILE = YES;
				IPHONEOS_DEPLOYMENT_TARGET = 15.0;
				LD_RUNPATH_SEARCH_PATHS = (
					"$(inherited)",
					"@executable_path/Frameworks",
					"@loader_path/Frameworks",
				);
				MARKETING_VERSION = 1.0;
				PRODUCT_BUNDLE_IDENTIFIER = "com.example.Recipess-appTests";
				PRODUCT_NAME = "$(TARGET_NAME)";
				SWIFT_EMIT_LOC_STRINGS = NO;
				SWIFT_VERSION = 5.0;
				TARGETED_DEVICE_FAMILY = "1,2";
				TEST_HOST = "$(BUILT_PRODUCTS_DIR)/Recipess-app.app/Recipess-app";
			};
			name = Debug;
		};
		21121CD327B2CA20009873C5 /* Release */ = {
			isa = XCBuildConfiguration;
			buildSettings = {
				ALWAYS_EMBED_SWIFT_STANDARD_LIBRARIES = YES;
				BUNDLE_LOADER = "$(TEST_HOST)";
				CODE_SIGN_STYLE = Automatic;
				CURRENT_PROJECT_VERSION = 1;
				GENERATE_INFOPLIST_FILE = YES;
				IPHONEOS_DEPLOYMENT_TARGET = 15.0;
				LD_RUNPATH_SEARCH_PATHS = (
					"$(inherited)",
					"@executable_path/Frameworks",
					"@loader_path/Frameworks",
				);
				MARKETING_VERSION = 1.0;
				PRODUCT_BUNDLE_IDENTIFIER = "com.example.Recipess-appTests";
				PRODUCT_NAME = "$(TARGET_NAME)";
				SWIFT_EMIT_LOC_STRINGS = NO;
				SWIFT_VERSION = 5.0;
				TARGETED_DEVICE_FAMILY = "1,2";
				TEST_HOST = "$(BUILT_PRODUCTS_DIR)/Recipess-app.app/Recipess-app";
			};
			name = Release;
		};
		21121CD527B2CA20009873C5 /* Debug */ = {
			isa = XCBuildConfiguration;
			buildSettings = {
				ALWAYS_EMBED_SWIFT_STANDARD_LIBRARIES = YES;
				CODE_SIGN_STYLE = Automatic;
				CURRENT_PROJECT_VERSION = 1;
				GENERATE_INFOPLIST_FILE = YES;
				LD_RUNPATH_SEARCH_PATHS = (
					"$(inherited)",
					"@executable_path/Frameworks",
					"@loader_path/Frameworks",
				);
				MARKETING_VERSION = 1.0;
				PRODUCT_BUNDLE_IDENTIFIER = "com.example.Recipess-appUITests";
				PRODUCT_NAME = "$(TARGET_NAME)";
				SWIFT_EMIT_LOC_STRINGS = NO;
				SWIFT_VERSION = 5.0;
				TARGETED_DEVICE_FAMILY = "1,2";
				TEST_TARGET_NAME = "Recipess-app";
			};
			name = Debug;
		};
		21121CD627B2CA20009873C5 /* Release */ = {
			isa = XCBuildConfiguration;
			buildSettings = {
				ALWAYS_EMBED_SWIFT_STANDARD_LIBRARIES = YES;
				CODE_SIGN_STYLE = Automatic;
				CURRENT_PROJECT_VERSION = 1;
				GENERATE_INFOPLIST_FILE = YES;
				LD_RUNPATH_SEARCH_PATHS = (
					"$(inherited)",
					"@executable_path/Frameworks",
					"@loader_path/Frameworks",
				);
				MARKETING_VERSION = 1.0;
				PRODUCT_BUNDLE_IDENTIFIER = "com.example.Recipess-appUITests";
				PRODUCT_NAME = "$(TARGET_NAME)";
				SWIFT_EMIT_LOC_STRINGS = NO;
				SWIFT_VERSION = 5.0;
				TARGETED_DEVICE_FAMILY = "1,2";
				TEST_TARGET_NAME = "Recipess-app";
			};
			name = Release;
		};
/* End XCBuildConfiguration section */

/* Begin XCConfigurationList section */
		21121CA527B2CA1D009873C5 /* Build configuration list for PBXProject "Recipess-app" */ = {
			isa = XCConfigurationList;
			buildConfigurations = (
				21121CCC27B2CA20009873C5 /* Debug */,
				21121CCD27B2CA20009873C5 /* Release */,
			);
			defaultConfigurationIsVisible = 0;
			defaultConfigurationName = Release;
		};
		21121CCE27B2CA20009873C5 /* Build configuration list for PBXNativeTarget "Recipess-app" */ = {
			isa = XCConfigurationList;
			buildConfigurations = (
				21121CCF27B2CA20009873C5 /* Debug */,
				21121CD027B2CA20009873C5 /* Release */,
			);
			defaultConfigurationIsVisible = 0;
			defaultConfigurationName = Release;
		};
		21121CD127B2CA20009873C5 /* Build configuration list for PBXNativeTarget "Recipess-appTests" */ = {
			isa = XCConfigurationList;
			buildConfigurations = (
				21121CD227B2CA20009873C5 /* Debug */,
				21121CD327B2CA20009873C5 /* Release */,
			);
			defaultConfigurationIsVisible = 0;
			defaultConfigurationName = Release;
		};
		21121CD427B2CA20009873C5 /* Build configuration list for PBXNativeTarget "Recipess-appUITests" */ = {
			isa = XCConfigurationList;
			buildConfigurations = (
				21121CD527B2CA20009873C5 /* Debug */,
				21121CD627B2CA20009873C5 /* Release */,
			);
			defaultConfigurationIsVisible = 0;
			defaultConfigurationName = Release;
		};
/* End XCConfigurationList section */
	};
	rootObject = 21121CA227B2CA1D009873C5 /* Project object */;
}
